
Microsoft Visual Studio Solution File, Format Version 12.00
# Visual Studio 15
Project("{FAE04EC0-301F-11D3-BF4B-00C04F79EFBC}") = "Assembly-CSharp", "Assembly-CSharp.csproj", "{32E51435-6218-5BC6-080C-3CE9A7235E32}"
EndProject
Project("{FAE04EC0-301F-11D3-BF4B-00C04F79EFBC}") = "EditorMigrationScripts", "EditorMigrationScripts.csproj", "{337AE567-A6A8-B625-A937-C91D93D66660}"
EndProject
Global
	GlobalSection(SolutionConfigurationPlatforms) = preSolution
		Debug|Any CPU = Debug|Any CPU
		Release|Any CPU = Release|Any CPU
	EndGlobalSection
	GlobalSection(ProjectConfigurationPlatforms) = postSolution
		{32E51435-6218-5BC6-080C-3CE9A7235E32}.Debug|Any CPU.ActiveCfg = Debug|Any CPU
		{32E51435-6218-5BC6-080C-3CE9A7235E32}.Debug|Any CPU.Build.0 = Debug|Any CPU
		{32E51435-6218-5BC6-080C-3CE9A7235E32}.Release|Any CPU.ActiveCfg = Release|Any CPU
		{32E51435-6218-5BC6-080C-3CE9A7235E32}.Release|Any CPU.Build.0 = Release|Any CPU
		{337AE567-A6A8-B625-A937-C91D93D66660}.Debug|Any CPU.ActiveCfg = Debug|Any CPU
		{337AE567-A6A8-B625-A937-C91D93D66660}.Debug|Any CPU.Build.0 = Debug|Any CPU
		{337AE567-A6A8-B625-A937-C91D93D66660}.Release|Any CPU.ActiveCfg = Release|Any CPU
		{337AE567-A6A8-B625-A937-C91D93D66660}.Release|Any CPU.Build.0 = Release|Any CPU
	EndGlobalSection
	GlobalSection(SolutionProperties) = preSolution
		HideSolutionNode = FALSE
	EndGlobalSection
EndGlobal
